
Microsoft Visual Studio Solution File, Format Version 12.00
# Visual Studio Version 16
VisualStudioVersion = 16.0.30907.101
MinimumVisualStudioVersion = 10.0.40219.1
Project("{FAE04EC0-301F-11D3-BF4B-00C04F79EFBC}") = "ExercicioPropostoHeranca", "ExercicioPropostoHeranca\ExercicioPropostoHeranca.csproj", "{98488BA9-9D6D-4971-9249-237EDF3D4D78}"
EndProject
Global
	GlobalSection(SolutionConfigurationPlatforms) = preSolution
		Debug|Any CPU = Debug|Any CPU
		Release|Any CPU = Release|Any CPU
	EndGlobalSection
	GlobalSection(ProjectConfigurationPlatforms) = postSolution
		{98488BA9-9D6D-4971-9249-237EDF3D4D78}.Debug|Any CPU.ActiveCfg = Debug|Any CPU
		{98488BA9-9D6D-4971-9249-237EDF3D4D78}.Debug|Any CPU.Build.0 = Debug|Any CPU
		{98488BA9-9D6D-4971-9249-237EDF3D4D78}.Release|Any CPU.ActiveCfg = Release|Any CPU
		{98488BA9-9D6D-4971-9249-237EDF3D4D78}.Release|Any CPU.Build.0 = Release|Any CPU
	EndGlobalSection
	GlobalSection(SolutionProperties) = preSolution
		HideSolutionNode = FALSE
	EndGlobalSection
	GlobalSection(ExtensibilityGlobals) = postSolution
		SolutionGuid = {42A0AB20-1F0F-47CF-AE24-E8101395B174}
	EndGlobalSection
EndGlobal
